
Microsoft Visual Studio Solution File, Format Version 12.00
# Visual Studio Version 16
VisualStudioVersion = 16.0.31112.23
MinimumVisualStudioVersion = 10.0.40219.1
Project("{FAE04EC0-301F-11D3-BF4B-00C04F79EFBC}") = "LaunchProcess", "LaunchProcess\LaunchProcess.csproj", "{42CC3058-A063-43F6-AF27-3C0E44D97312}"
EndProject
Global
	GlobalSection(SolutionConfigurationPlatforms) = preSolution
		Debug|Any CPU = Debug|Any CPU
		Release|Any CPU = Release|Any CPU
	EndGlobalSection
	GlobalSection(ProjectConfigurationPlatforms) = postSolution
		{42CC3058-A063-43F6-AF27-3C0E44D97312}.Debug|Any CPU.ActiveCfg = Debug|Any CPU
		{42CC3058-A063-43F6-AF27-3C0E44D97312}.Debug|Any CPU.Build.0 = Debug|Any CPU
		{42CC3058-A063-43F6-AF27-3C0E44D97312}.Release|Any CPU.ActiveCfg = Release|Any CPU
		{42CC3058-A063-43F6-AF27-3C0E44D97312}.Release|Any CPU.Build.0 = Release|Any CPU
	EndGlobalSection
	GlobalSection(SolutionProperties) = preSolution
		HideSolutionNode = FALSE
	EndGlobalSection
	GlobalSection(ExtensibilityGlobals) = postSolution
		SolutionGuid = {249F713D-D056-4AC3-B7D6-6CCE7A7532D3}
	EndGlobalSection
EndGlobal
